# THIS IS AN AUTOGENERATED FILE. DO NOT EDIT THIS FILE DIRECTLY.
# yarn lockfile v1


ev-emitter@^2.1.0:
  version "2.1.0"
  resolved "https://registry.yarnpkg.com/ev-emitter/-/ev-emitter-2.1.0.tgz#0feaf873003db49c92ceb7d448111a952fb25ce2"
  integrity sha512-73qJdHUbyfA6ykAvWf4bBV7fQNYVOPd9nA3qfiQkgKVgIBKro/MAfJnZgyayWUapHU0Y5Qk9unofK3WirjkrVQ==

fizzy-ui-utils@^3.0.0:
  version "3.0.0"
  resolved "https://registry.yarnpkg.com/fizzy-ui-utils/-/fizzy-ui-utils-3.0.0.tgz#cc5e876eea263d3d92828a3144745dbd7b972fc8"
  integrity sha512-uJj38QFQiJ/KCio5tiZhwAjIbTXSIgzBCKdKVbaYfLS053F6z23Nb0o1ZoO9gnxOQWN7BCc35jsvrCtAq3gY9g==

infinite-scroll@^4.0.1:
  version "4.0.1"
  resolved "https://registry.yarnpkg.com/infinite-scroll/-/infinite-scroll-4.0.1.tgz#093dafe2d86bf4cd27da3b920a46f898f22c939f"
  integrity sha512-14Utu6d8g6mO5PmwUxfAUK5uaKdClIkrJqLmBYXj/AMBRy5ApsCWkkY84HvsSq4MM1A062gtf58S9OiD5WBfRA==
  dependencies:
    ev-emitter "^2.1.0"
    fizzy-ui-utils "^3.0.0"
